{
  "version": 1,
  "dependencies": {
    "net10.0-windows7.0": {
      "DalamudPackager": {
        "type": "Direct",
        "requested": "[14.0.2, )",
        "resolved": "14.0.2",
        "contentHash": "dQJeq+8eyHzra4Cg5eZ/3LAeS3/UpvvLriYJGSncMK9LqJ7Q4B6jwcOsxo3PfxVd15xj+IzVFxkPqIBmPQu8/w=="
      },
      "ECommons": {
        "type": "Direct",
        "requested": "[2.0.0.4, )",
        "resolved": "2.0.0.4",
        "contentHash": "joGkq0Y+K9da2TD/8/felotoTuqaUPjyKFjr2aeod77e28YMEmFrwVH+r91cU9X8hs50LEEp4QTzUnIrMJgcNw=="
      },
      "Glamourer.Api": {
        "type": "Direct",
        "requested": "[2.6.0, )",
        "resolved": "2.6.0",
        "contentHash": "zysCZgNBRm3k3qvibyw/31MmEckX0Uh0ZsT+Sax3ZHnYIRELr9Qhbz3cjJz7u0RHGIrNJiRpktu/LxgHEqDItw=="
      },
      "lz4net": {
        "type": "Direct",
        "requested": "[1.0.15.93, )",
        "resolved": "1.0.15.93",
        "contentHash": "s92+YYtH4tiw0/0a7cyb+EXAOICtxZgPA1cL19L8paJZe39QViBaNl24o9ETBJxjgbm11OIMjuMUzX86id6SEg==",
        "dependencies": {
          "NETStandard.Library": "1.6.1",
          "lz4net.unsafe.netcore": "[1.0.15.93]"
        }
      },
      "Microsoft.Extensions.Logging": {
        "type": "Direct",
        "requested": "[9.0.4, )",
        "resolved": "9.0.4",
        "contentHash": "xW6QPYsqhbuWBO9/1oA43g/XPKbohJx+7G8FLQgQXIriYvY7s+gxr2wjQJfRoPO900dvvv2vVH7wZovG+M1m6w==",
        "dependencies": {
          "Microsoft.Extensions.DependencyInjection": "9.0.4",
          "Microsoft.Extensions.Logging.Abstractions": "9.0.4",
          "Microsoft.Extensions.Options": "9.0.4"
        }
      },
      "Penumbra.Api": {
        "type": "Direct",
        "requested": "[5.6.1, )",
        "resolved": "5.6.1",
        "contentHash": "pZesXuBB9cMXKN10EfLJclLay3vjRYQy376PXXcPdx33kNI0jHwgPXGcy6BtVmoaMvn4UvK+EqGVYlt2b/Ns9Q=="
      },
      "Penumbra.String": {
        "type": "Direct",
        "requested": "[1.0.5, )",
        "resolved": "1.0.5",
        "contentHash": "+9YRQxwkzW6Ys/hx8vHvTwYV76QMjbf7Puq5SibxVLNzkPLyKLp7qZCKS1SC4yXPJlPB4g80IqxrxCm0yacMFw=="
      },
      "lz4net.unsafe.netcore": {
        "type": "Transitive",
        "resolved": "1.0.15.93",
        "contentHash": "tuJA5s13/5AF+fUcvERBBXtzK/gARwpJiHrqsCh2UH57e8qNp+WETNrKw63byK0Zle4OVTwuWgN0cY/uSc388Q==",
        "dependencies": {
          "NETStandard.Library": "1.6.1"
        }
      },
      "Microsoft.Extensions.DependencyInjection": {
        "type": "Transitive",
        "resolved": "9.0.4",
        "contentHash": "f2MTUaS2EQ3lX4325ytPAISZqgBfXmY0WvgD80ji6Z20AoDNiCESxsqo6mFRwHJD/jfVKRw9FsW6+86gNre3ug==",
        "dependencies": {
          "Microsoft.Extensions.DependencyInjection.Abstractions": "9.0.4"
        }
      },
      "Microsoft.Extensions.DependencyInjection.Abstractions": {
        "type": "Transitive",
        "resolved": "9.0.4",
        "contentHash": "UI0TQPVkS78bFdjkTodmkH0Fe8lXv9LnhGFKgKrsgUJ5a5FVdFRcgjIkBVLbGgdRhxWirxH/8IXUtEyYJx6GQg=="
      },
      "Microsoft.Extensions.Logging.Abstractions": {
        "type": "Transitive",
        "resolved": "9.0.4",
        "contentHash": "0MXlimU4Dud6t+iNi5NEz3dO2w1HXdhoOLaYFuLPCjAsvlPQGwOT6V2KZRMLEhCAm/stSZt1AUv0XmDdkjvtbw==",
        "dependencies": {
          "Microsoft.Extensions.DependencyInjection.Abstractions": "9.0.4"
        }
      },
      "Microsoft.Extensions.Options": {
        "type": "Transitive",
        "resolved": "9.0.4",
        "contentHash": "fiFI2+58kicqVZyt/6obqoFwHiab7LC4FkQ3mmiBJ28Yy4fAvy2+v9MRnSvvlOO8chTOjKsdafFl/K9veCPo5g==",
        "dependencies": {
          "Microsoft.Extensions.DependencyInjection.Abstractions": "9.0.4",
          "Microsoft.Extensions.Primitives": "9.0.4"
        }
      },
      "Microsoft.Extensions.Primitives": {
        "type": "Transitive",
        "resolved": "9.0.4",
        "contentHash": "SPFyMjyku1nqTFFJ928JAMd0QnRe4xjE7KeKnZMWXf3xk+6e0WiOZAluYtLdbJUXtsl2cCRSi8cBquJ408k8RA=="
      },
      "Microsoft.NETCore.Platforms": {
        "type": "Transitive",
        "resolved": "1.1.0",
        "contentHash": "kz0PEW2lhqygehI/d6XsPCQzD7ff7gUJaVGPVETX611eadGsA3A877GdSlU0LRVMCTH/+P3o2iDTak+S08V2+A=="
      },
      "NETStandard.Library": {
        "type": "Transitive",
        "resolved": "1.6.1",
        "contentHash": "WcSp3+vP+yHNgS8EV5J7pZ9IRpeDuARBPN28by8zqff1wJQXm26PVU8L3/fYLBJVU7BtDyqNVWq2KlCVvSSR4A==",
        "dependencies": {
          "Microsoft.NETCore.Platforms": "1.1.0"
        }
      }
    }
  }
}